
Microsoft Visual Studio Solution File, Format Version 12.00
# Visual Studio 15
Project("{FAE04EC0-301F-11D3-BF4B-00C04F79EFBC}") = "Assembly-CSharp-Editor", "Assembly-CSharp-Editor.csproj", "{566268D3-45F1-035B-AAD0-04E50C7D3C50}"
EndProject
Project("{FAE04EC0-301F-11D3-BF4B-00C04F79EFBC}") = "Assembly-CSharp", "Assembly-CSharp.csproj", "{3CA8E3F2-27C6-6531-BDB8-E8323863569E}"
EndProject
Global
	GlobalSection(SolutionConfigurationPlatforms) = preSolution
		Debug|Any CPU = Debug|Any CPU
		Release|Any CPU = Release|Any CPU
	EndGlobalSection
	GlobalSection(ProjectConfigurationPlatforms) = postSolution
		{566268D3-45F1-035B-AAD0-04E50C7D3C50}.Debug|Any CPU.ActiveCfg = Debug|Any CPU
		{566268D3-45F1-035B-AAD0-04E50C7D3C50}.Debug|Any CPU.Build.0 = Debug|Any CPU
		{566268D3-45F1-035B-AAD0-04E50C7D3C50}.Release|Any CPU.ActiveCfg = Release|Any CPU
		{566268D3-45F1-035B-AAD0-04E50C7D3C50}.Release|Any CPU.Build.0 = Release|Any CPU
		{3CA8E3F2-27C6-6531-BDB8-E8323863569E}.Debug|Any CPU.ActiveCfg = Debug|Any CPU
		{3CA8E3F2-27C6-6531-BDB8-E8323863569E}.Debug|Any CPU.Build.0 = Debug|Any CPU
		{3CA8E3F2-27C6-6531-BDB8-E8323863569E}.Release|Any CPU.ActiveCfg = Release|Any CPU
		{3CA8E3F2-27C6-6531-BDB8-E8323863569E}.Release|Any CPU.Build.0 = Release|Any CPU
	EndGlobalSection
	GlobalSection(SolutionProperties) = preSolution
		HideSolutionNode = FALSE
	EndGlobalSection
EndGlobal
